schema: '2.0'
stages:
  load_data:
    cmd: python src/load_data.py --config=params.yaml
    deps:
    - path: data_given/winequality.csv
      md5: ccc8d3507eb151f53f760d36abdef888
      size: 91998
    - path: src/get_data.py
      md5: 917143f8ccb96aaa3c94542af5d5d7d3
      size: 787
    - path: src/load_data.py
      md5: 61fdcc0c807bd43c8ced767956c2a2a3
      size: 809
    outs:
    - path: data/raw/winequality.csv
      md5: dcb9f7736a81b73cf4cf803b5ef3f07e
      size: 102550
