schema: '2.0'
stages:
  load_data:
    cmd: python src/load_data.py --config=params.yaml
    deps:
    - path: data_given/winequality.csv
      md5: ccc8d3507eb151f53f760d36abdef888
      size: 91998
    - path: src/get_data.py
      md5: 875092c3fdae8bd3d4a41458a888d916
      size: 990
    - path: src/load_data.py
      md5: 5628fe2906314de0d64287d08c8b27c6
      size: 811
    outs:
    - path: data/raw/winequality.csv
      md5: dcb9f7736a81b73cf4cf803b5ef3f07e
      size: 102550
  split_data:
    cmd: python src/split_data.py --config=params.yaml
    deps:
    - path: data/raw/winequality.csv
      md5: dcb9f7736a81b73cf4cf803b5ef3f07e
      size: 102550
    - path: src/split_data.py
      md5: fc885f9c00eefc717b9f269c72e11300
      size: 1181
    outs:
    - path: data/processed/test_winequality.csv
      md5: a4fb6bcf177eaaa37b5e69668789839b
      size: 29031
    - path: data/processed/train_winequality.csv
      md5: 4960dcc231aed31ab923356111335735
      size: 67736
  train_and_evaluate:
    cmd: python src/train_and_evaluate.py --config=params.yaml
    deps:
    - path: data/processed/test_winequality.csv
      md5: a4fb6bcf177eaaa37b5e69668789839b
      size: 29031
    - path: data/processed/train_winequality.csv
      md5: 4960dcc231aed31ab923356111335735
      size: 67736
    - path: src/train_and_evaluate.py
      md5: 9fc1f42831b7764b1bd6e3124ede7f3d
      size: 2617
    params:
      params.yaml:
        estimators.ElasticNet.params.alpha: 0.9
        estimators.ElasticNet.params.l1_ratio: 0.5
    outs:
    - path: reports/params.json
      md5: 1f52a26b1df0e1781b79d26c635b2515
      size: 44
    - path: reports/scores.json
      md5: 1c7cddf711d9237e4c933589b6a49a7c
      size: 99
    - path: saved_models/model.joblib
      md5: 4e5f9d3141eba943dd6fa0c973455100
      size: 1316
